PODS:
  - Fakery (2.0.0)
  - Nimble (5.1.1)
  - Quick (1.0.0)
  - SwiftVersionUtils (0.1.0)

DEPENDENCIES:
  - Fakery
  - Nimble (~> 5.1.1)
  - Quick (~> 1.0.0)
  - SwiftVersionUtils (from `../`)

EXTERNAL SOURCES:
  SwiftVersionUtils:
    :path: "../"

SPEC CHECKSUMS:
  Fakery: 97b99c23937d2e025d9135c75e2b17351ccd5031
  Nimble: 415e3aa3267e7bc2c96b05fa814ddea7bb686a29
  Quick: 8024e4a47e6cc03a9d5245ef0948264fc6d27cff
  SwiftVersionUtils: 956d9e6243158a3b1899c4e0b2df85f3af66d85b

PODFILE CHECKSUM: a627bfc25681da0e14f9306ecf183634e175dd0e

COCOAPODS: 1.2.1
